
Microsoft Visual Studio Solution File, Format Version 12.00
# Visual Studio Version 16
VisualStudioVersion = 16.0.31105.61
MinimumVisualStudioVersion = 10.0.40219.1
Project("{2150E333-8FDC-42A3-9474-1A3956D46DE8}") = "1. Presentation", "1. Presentation", "{91694EDF-5AB4-44DE-A662-63B47958BFB1}"
EndProject
Project("{2150E333-8FDC-42A3-9474-1A3956D46DE8}") = "2. Application", "2. Application", "{2FD008CE-F5BB-4A55-8080-5444ADAF6369}"
EndProject
Project("{2150E333-8FDC-42A3-9474-1A3956D46DE8}") = "3. Infra", "3. Infra", "{2C79B245-CC23-43DB-B586-71FFCE049D65}"
EndProject
Project("{2150E333-8FDC-42A3-9474-1A3956D46DE8}") = "4. Domain", "4. Domain", "{30D6D692-8944-4736-A63E-00349F591E43}"
EndProject
Project("{2150E333-8FDC-42A3-9474-1A3956D46DE8}") = "5. Tests", "5. Tests", "{185AEE8A-ADED-4817-B9BC-2734854F29E9}"
EndProject
Project("{2150E333-8FDC-42A3-9474-1A3956D46DE8}") = "Application", "Application", "{368AD216-B3B4-470A-BB6C-367261686286}"
EndProject
Project("{FAE04EC0-301F-11D3-BF4B-00C04F79EFBC}") = "Arena.Tests.Application", "Arena.Tests.Application\Arena.Tests.Application.csproj", "{EDCC8B73-300C-46EB-85AD-AC9E5229B945}"
EndProject
Project("{FAE04EC0-301F-11D3-BF4B-00C04F79EFBC}") = "Arena.Domain", "Arena.Domain\Arena.Domain.csproj", "{19D68A31-EC1F-4E2F-AB1A-943ED38F124F}"
EndProject
Project("{FAE04EC0-301F-11D3-BF4B-00C04F79EFBC}") = "Arena.Application", "Arena.Application\Arena.Application.csproj", "{7C2CAB07-DEF6-4D81-A1E5-3B7117C37AFD}"
EndProject
Project("{2150E333-8FDC-42A3-9474-1A3956D46DE8}") = "3.1 Data", "3.1 Data", "{72F88F36-8A3B-4B19-921D-1C523F2FFAE9}"
EndProject
Project("{FAE04EC0-301F-11D3-BF4B-00C04F79EFBC}") = "Arena.Infra.Data", "Arena.Infra.Data\Arena.Infra.Data.csproj", "{D08D2A42-E620-4B3C-9770-2F186BD9BFF2}"
EndProject
Project("{FAE04EC0-301F-11D3-BF4B-00C04F79EFBC}") = "Arena.Presentation.Api", "Arena.Presentation.Api\Arena.Presentation.Api.csproj", "{220666A2-B0D5-487A-9E07-1E11B027C18A}"
EndProject
Project("{2150E333-8FDC-42A3-9474-1A3956D46DE8}") = "3.2 IoC", "3.2 IoC", "{FFC5FEE6-B261-47B5-A37F-CDE69A9126FF}"
EndProject
Project("{FAE04EC0-301F-11D3-BF4B-00C04F79EFBC}") = "Arena.Infra.IoC", "Arena.Infra.IoC\Arena.Infra.IoC.csproj", "{1F30B6B6-999C-426C-BFDF-BE636F97F924}"
EndProject
Global
	GlobalSection(SolutionConfigurationPlatforms) = preSolution
		Debug|Any CPU = Debug|Any CPU
		Release|Any CPU = Release|Any CPU
	EndGlobalSection
	GlobalSection(ProjectConfigurationPlatforms) = postSolution
		{EDCC8B73-300C-46EB-85AD-AC9E5229B945}.Debug|Any CPU.ActiveCfg = Debug|Any CPU
		{EDCC8B73-300C-46EB-85AD-AC9E5229B945}.Debug|Any CPU.Build.0 = Debug|Any CPU
		{EDCC8B73-300C-46EB-85AD-AC9E5229B945}.Release|Any CPU.ActiveCfg = Release|Any CPU
		{EDCC8B73-300C-46EB-85AD-AC9E5229B945}.Release|Any CPU.Build.0 = Release|Any CPU
		{19D68A31-EC1F-4E2F-AB1A-943ED38F124F}.Debug|Any CPU.ActiveCfg = Debug|Any CPU
		{19D68A31-EC1F-4E2F-AB1A-943ED38F124F}.Debug|Any CPU.Build.0 = Debug|Any CPU
		{19D68A31-EC1F-4E2F-AB1A-943ED38F124F}.Release|Any CPU.ActiveCfg = Release|Any CPU
		{19D68A31-EC1F-4E2F-AB1A-943ED38F124F}.Release|Any CPU.Build.0 = Release|Any CPU
		{7C2CAB07-DEF6-4D81-A1E5-3B7117C37AFD}.Debug|Any CPU.ActiveCfg = Debug|Any CPU
		{7C2CAB07-DEF6-4D81-A1E5-3B7117C37AFD}.Debug|Any CPU.Build.0 = Debug|Any CPU
		{7C2CAB07-DEF6-4D81-A1E5-3B7117C37AFD}.Release|Any CPU.ActiveCfg = Release|Any CPU
		{7C2CAB07-DEF6-4D81-A1E5-3B7117C37AFD}.Release|Any CPU.Build.0 = Release|Any CPU
		{D08D2A42-E620-4B3C-9770-2F186BD9BFF2}.Debug|Any CPU.ActiveCfg = Debug|Any CPU
		{D08D2A42-E620-4B3C-9770-2F186BD9BFF2}.Debug|Any CPU.Build.0 = Debug|Any CPU
		{D08D2A42-E620-4B3C-9770-2F186BD9BFF2}.Release|Any CPU.ActiveCfg = Release|Any CPU
		{D08D2A42-E620-4B3C-9770-2F186BD9BFF2}.Release|Any CPU.Build.0 = Release|Any CPU
		{220666A2-B0D5-487A-9E07-1E11B027C18A}.Debug|Any CPU.ActiveCfg = Debug|Any CPU
		{220666A2-B0D5-487A-9E07-1E11B027C18A}.Debug|Any CPU.Build.0 = Debug|Any CPU
		{220666A2-B0D5-487A-9E07-1E11B027C18A}.Release|Any CPU.ActiveCfg = Release|Any CPU
		{220666A2-B0D5-487A-9E07-1E11B027C18A}.Release|Any CPU.Build.0 = Release|Any CPU
		{1F30B6B6-999C-426C-BFDF-BE636F97F924}.Debug|Any CPU.ActiveCfg = Debug|Any CPU
		{1F30B6B6-999C-426C-BFDF-BE636F97F924}.Debug|Any CPU.Build.0 = Debug|Any CPU
		{1F30B6B6-999C-426C-BFDF-BE636F97F924}.Release|Any CPU.ActiveCfg = Release|Any CPU
		{1F30B6B6-999C-426C-BFDF-BE636F97F924}.Release|Any CPU.Build.0 = Release|Any CPU
	EndGlobalSection
	GlobalSection(SolutionProperties) = preSolution
		HideSolutionNode = FALSE
	EndGlobalSection
	GlobalSection(NestedProjects) = preSolution
		{368AD216-B3B4-470A-BB6C-367261686286} = {185AEE8A-ADED-4817-B9BC-2734854F29E9}
		{EDCC8B73-300C-46EB-85AD-AC9E5229B945} = {368AD216-B3B4-470A-BB6C-367261686286}
		{19D68A31-EC1F-4E2F-AB1A-943ED38F124F} = {30D6D692-8944-4736-A63E-00349F591E43}
		{7C2CAB07-DEF6-4D81-A1E5-3B7117C37AFD} = {2FD008CE-F5BB-4A55-8080-5444ADAF6369}
		{72F88F36-8A3B-4B19-921D-1C523F2FFAE9} = {2C79B245-CC23-43DB-B586-71FFCE049D65}
		{D08D2A42-E620-4B3C-9770-2F186BD9BFF2} = {72F88F36-8A3B-4B19-921D-1C523F2FFAE9}
		{220666A2-B0D5-487A-9E07-1E11B027C18A} = {91694EDF-5AB4-44DE-A662-63B47958BFB1}
		{FFC5FEE6-B261-47B5-A37F-CDE69A9126FF} = {2C79B245-CC23-43DB-B586-71FFCE049D65}
		{1F30B6B6-999C-426C-BFDF-BE636F97F924} = {FFC5FEE6-B261-47B5-A37F-CDE69A9126FF}
	EndGlobalSection
	GlobalSection(ExtensibilityGlobals) = postSolution
		SolutionGuid = {53269C4B-3373-4CD5-98FE-89E1BD3363AC}
	EndGlobalSection
EndGlobal
